
Microsoft Visual Studio Solution File, Format Version 12.00
# Visual Studio Version 17
VisualStudioVersion = 17.11.35303.130
MinimumVisualStudioVersion = 10.0.40219.1
Project("{FAE04EC0-301F-11D3-BF4B-00C04F79EFBC}") = "abc taak 01 WPL", "abc taak 01 WPL\abc taak 01 WPL.csproj", "{3C30A960-0966-4766-ABCF-68A5392A3F39}"
EndProject
Global
	GlobalSection(SolutionConfigurationPlatforms) = preSolution
		Debug|Any CPU = Debug|Any CPU
		Release|Any CPU = Release|Any CPU
	EndGlobalSection
	GlobalSection(ProjectConfigurationPlatforms) = postSolution
		{3C30A960-0966-4766-ABCF-68A5392A3F39}.Debug|Any CPU.ActiveCfg = Debug|Any CPU
		{3C30A960-0966-4766-ABCF-68A5392A3F39}.Debug|Any CPU.Build.0 = Debug|Any CPU
		{3C30A960-0966-4766-ABCF-68A5392A3F39}.Release|Any CPU.ActiveCfg = Release|Any CPU
		{3C30A960-0966-4766-ABCF-68A5392A3F39}.Release|Any CPU.Build.0 = Release|Any CPU
	EndGlobalSection
	GlobalSection(SolutionProperties) = preSolution
		HideSolutionNode = FALSE
	EndGlobalSection
	GlobalSection(ExtensibilityGlobals) = postSolution
		SolutionGuid = {5CF33DC4-4EA0-4700-95E2-BB4CEB7F382D}
	EndGlobalSection
EndGlobal
